
Microsoft Visual Studio Solution File, Format Version 12.00
# Visual Studio Version 17
VisualStudioVersion = 17.8.34309.116
MinimumVisualStudioVersion = 10.0.40219.1
Project("{9A19103F-16F7-4668-BE54-9A1E7A4F7556}") = "InvoiceGenerator.Web", "InvoiceGenerator\InvoiceGenerator.Web.csproj", "{0AEF61DE-74DC-4039-8162-033574CBDB87}"
EndProject
Project("{9A19103F-16F7-4668-BE54-9A1E7A4F7556}") = "InvoiceGenerator.Domain", "InvoiceGenerator.Domain\InvoiceGenerator.Domain.csproj", "{2B937A1B-48AB-4BD8-8D9A-FA46387E6530}"
EndProject
Project("{9A19103F-16F7-4668-BE54-9A1E7A4F7556}") = "InvoiceGenerator.Infrastructure", "InvoiceGenerator.Infrastructure\InvoiceGenerator.Infrastructure.csproj", "{C8E2630C-12A5-4C42-A86E-F33C9F07F8C7}"
EndProject
Project("{FAE04EC0-301F-11D3-BF4B-00C04F79EFBC}") = "InvoiceGenerator.Application", "InvoiceGenerator.Application\InvoiceGenerator.Application.csproj", "{952D219F-0276-4139-8F41-AE5BF2593150}"
EndProject
Global
	GlobalSection(SolutionConfigurationPlatforms) = preSolution
		Debug|Any CPU = Debug|Any CPU
		Release|Any CPU = Release|Any CPU
	EndGlobalSection
	GlobalSection(ProjectConfigurationPlatforms) = postSolution
		{0AEF61DE-74DC-4039-8162-033574CBDB87}.Debug|Any CPU.ActiveCfg = Debug|Any CPU
		{0AEF61DE-74DC-4039-8162-033574CBDB87}.Debug|Any CPU.Build.0 = Debug|Any CPU
		{0AEF61DE-74DC-4039-8162-033574CBDB87}.Release|Any CPU.ActiveCfg = Release|Any CPU
		{0AEF61DE-74DC-4039-8162-033574CBDB87}.Release|Any CPU.Build.0 = Release|Any CPU
		{2B937A1B-48AB-4BD8-8D9A-FA46387E6530}.Debug|Any CPU.ActiveCfg = Debug|Any CPU
		{2B937A1B-48AB-4BD8-8D9A-FA46387E6530}.Debug|Any CPU.Build.0 = Debug|Any CPU
		{2B937A1B-48AB-4BD8-8D9A-FA46387E6530}.Release|Any CPU.ActiveCfg = Release|Any CPU
		{2B937A1B-48AB-4BD8-8D9A-FA46387E6530}.Release|Any CPU.Build.0 = Release|Any CPU
		{C8E2630C-12A5-4C42-A86E-F33C9F07F8C7}.Debug|Any CPU.ActiveCfg = Debug|Any CPU
		{C8E2630C-12A5-4C42-A86E-F33C9F07F8C7}.Debug|Any CPU.Build.0 = Debug|Any CPU
		{C8E2630C-12A5-4C42-A86E-F33C9F07F8C7}.Release|Any CPU.ActiveCfg = Release|Any CPU
		{C8E2630C-12A5-4C42-A86E-F33C9F07F8C7}.Release|Any CPU.Build.0 = Release|Any CPU
		{952D219F-0276-4139-8F41-AE5BF2593150}.Debug|Any CPU.ActiveCfg = Debug|Any CPU
		{952D219F-0276-4139-8F41-AE5BF2593150}.Debug|Any CPU.Build.0 = Debug|Any CPU
		{952D219F-0276-4139-8F41-AE5BF2593150}.Release|Any CPU.ActiveCfg = Release|Any CPU
		{952D219F-0276-4139-8F41-AE5BF2593150}.Release|Any CPU.Build.0 = Release|Any CPU
	EndGlobalSection
	GlobalSection(SolutionProperties) = preSolution
		HideSolutionNode = FALSE
	EndGlobalSection
	GlobalSection(ExtensibilityGlobals) = postSolution
		SolutionGuid = {ED833265-AB9C-4622-B265-DA40EF646CBA}
	EndGlobalSection
EndGlobal
